# This file was autogenerated by Stack.
# You should not edit this file by hand.
# For more information, please see the documentation at:
#   https://docs.haskellstack.org/en/stable/lock_files

packages:
- completed:
    hackage: hal-0.4.6@sha256:c5b93ebc66df35013cc989fef70b1854b806c4bdb7ad1562b2b08f08481cbd06,2492
    pantry-tree:
      size: 928
      sha256: cb5e5f5c59140ff997b912c3cefec485d357cc77b320d8f8a931b551e5533f7a
  original:
    hackage: hal-0.4.6@sha256:c5b93ebc66df35013cc989fef70b1854b806c4bdb7ad1562b2b08f08481cbd06,2492
- completed:
    hackage: envy-1.5.1.0@sha256:a00910ebf461ec36ff6b7b01711bffe09cee062b7515c4580c466002590283a2,1683
    pantry-tree:
      size: 368
      sha256: 85ed121176a3b9cff9221af50077c45181ab2fe0e4ffe5273aaf57daef197b0a
  original:
    hackage: envy-1.5.1.0@sha256:a00910ebf461ec36ff6b7b01711bffe09cee062b7515c4580c466002590283a2,1683
snapshots:
- completed:
    size: 498186
    url: https://raw.githubusercontent.com/commercialhaskell/stackage-snapshots/master/lts/13/22.yaml
    sha256: d4f07dc3d5658260c2fe34266ad7618f6c84d34decf559c9c786ac1cfccf4e7b
  original: lts-13.22
